
Microsoft Visual Studio Solution File, Format Version 12.00
# Visual Studio 14
VisualStudioVersion = 14.0.25420.1
MinimumVisualStudioVersion = 10.0.40219.1
Project("{FAE04EC0-301F-11D3-BF4B-00C04F79EFBC}") = "OurBlog", "OurBlog\OurBlog.csproj", "{71A71EBA-8AAF-4402-8E49-A6516CD1CD17}"
EndProject
Project("{2150E333-8FDC-42A3-9474-1A3956D46DE8}") = "Blog.Bll", "Blog.Bll", "{9CAB040D-6CEE-4492-BD1D-670C1A4E1E03}"
EndProject
Project("{2150E333-8FDC-42A3-9474-1A3956D46DE8}") = "Blog.Dal", "Blog.Dal", "{FB39BF5B-5594-4529-A80B-43B46949E7FD}"
EndProject
Project("{2150E333-8FDC-42A3-9474-1A3956D46DE8}") = "Blog.Helper", "Blog.Helper", "{9BDFBBEC-39E7-409D-A929-D3BFA2495B75}"
EndProject
Project("{2150E333-8FDC-42A3-9474-1A3956D46DE8}") = "Blog.Model", "Blog.Model", "{1C743FBE-3C4D-46FC-B445-B3ACADAE512D}"
EndProject
Project("{FAE04EC0-301F-11D3-BF4B-00C04F79EFBC}") = "OurBlog.Model", "OurBlog.Model\OurBlog.Model.csproj", "{797B98A5-0F04-4DBA-B523-758231B1FBBE}"
EndProject
Project("{FAE04EC0-301F-11D3-BF4B-00C04F79EFBC}") = "OurBlog.IBll", "OurBlog.IBll\OurBlog.IBll.csproj", "{3A946887-92B9-4F22-9A66-8CD041ACF403}"
EndProject
Project("{FAE04EC0-301F-11D3-BF4B-00C04F79EFBC}") = "OurBlog.Bll", "OurBlog.Bll\OurBlog.Bll.csproj", "{722D98A6-B362-4E07-B801-FBA470DE36C5}"
EndProject
Project("{FAE04EC0-301F-11D3-BF4B-00C04F79EFBC}") = "OurBlog.IDal", "OurBlog.IDal\OurBlog.IDal.csproj", "{4E5EC42B-0710-42FF-8E19-AC6AB7C773C7}"
EndProject
Project("{FAE04EC0-301F-11D3-BF4B-00C04F79EFBC}") = "OurBlog.Dal", "OurBlog.Dal\OurBlog.Dal.csproj", "{FA1C94D3-2355-4591-9812-DBB4F7B43834}"
EndProject
Project("{FAE04EC0-301F-11D3-BF4B-00C04F79EFBC}") = "OurBlog.Helper", "OurBlog.Helper\OurBlog.Helper.csproj", "{BCD38A27-1352-469C-AB01-CD17D5F33F78}"
EndProject
Global
	GlobalSection(SolutionConfigurationPlatforms) = preSolution
		Debug|Any CPU = Debug|Any CPU
		Release|Any CPU = Release|Any CPU
	EndGlobalSection
	GlobalSection(ProjectConfigurationPlatforms) = postSolution
		{71A71EBA-8AAF-4402-8E49-A6516CD1CD17}.Debug|Any CPU.ActiveCfg = Debug|Any CPU
		{71A71EBA-8AAF-4402-8E49-A6516CD1CD17}.Debug|Any CPU.Build.0 = Debug|Any CPU
		{71A71EBA-8AAF-4402-8E49-A6516CD1CD17}.Release|Any CPU.ActiveCfg = Release|Any CPU
		{71A71EBA-8AAF-4402-8E49-A6516CD1CD17}.Release|Any CPU.Build.0 = Release|Any CPU
		{797B98A5-0F04-4DBA-B523-758231B1FBBE}.Debug|Any CPU.ActiveCfg = Debug|Any CPU
		{797B98A5-0F04-4DBA-B523-758231B1FBBE}.Debug|Any CPU.Build.0 = Debug|Any CPU
		{797B98A5-0F04-4DBA-B523-758231B1FBBE}.Release|Any CPU.ActiveCfg = Release|Any CPU
		{797B98A5-0F04-4DBA-B523-758231B1FBBE}.Release|Any CPU.Build.0 = Release|Any CPU
		{3A946887-92B9-4F22-9A66-8CD041ACF403}.Debug|Any CPU.ActiveCfg = Debug|Any CPU
		{3A946887-92B9-4F22-9A66-8CD041ACF403}.Debug|Any CPU.Build.0 = Debug|Any CPU
		{3A946887-92B9-4F22-9A66-8CD041ACF403}.Release|Any CPU.ActiveCfg = Release|Any CPU
		{3A946887-92B9-4F22-9A66-8CD041ACF403}.Release|Any CPU.Build.0 = Release|Any CPU
		{722D98A6-B362-4E07-B801-FBA470DE36C5}.Debug|Any CPU.ActiveCfg = Debug|Any CPU
		{722D98A6-B362-4E07-B801-FBA470DE36C5}.Debug|Any CPU.Build.0 = Debug|Any CPU
		{722D98A6-B362-4E07-B801-FBA470DE36C5}.Release|Any CPU.ActiveCfg = Release|Any CPU
		{722D98A6-B362-4E07-B801-FBA470DE36C5}.Release|Any CPU.Build.0 = Release|Any CPU
		{4E5EC42B-0710-42FF-8E19-AC6AB7C773C7}.Debug|Any CPU.ActiveCfg = Debug|Any CPU
		{4E5EC42B-0710-42FF-8E19-AC6AB7C773C7}.Debug|Any CPU.Build.0 = Debug|Any CPU
		{4E5EC42B-0710-42FF-8E19-AC6AB7C773C7}.Release|Any CPU.ActiveCfg = Release|Any CPU
		{4E5EC42B-0710-42FF-8E19-AC6AB7C773C7}.Release|Any CPU.Build.0 = Release|Any CPU
		{FA1C94D3-2355-4591-9812-DBB4F7B43834}.Debug|Any CPU.ActiveCfg = Debug|Any CPU
		{FA1C94D3-2355-4591-9812-DBB4F7B43834}.Debug|Any CPU.Build.0 = Debug|Any CPU
		{FA1C94D3-2355-4591-9812-DBB4F7B43834}.Release|Any CPU.ActiveCfg = Release|Any CPU
		{FA1C94D3-2355-4591-9812-DBB4F7B43834}.Release|Any CPU.Build.0 = Release|Any CPU
		{BCD38A27-1352-469C-AB01-CD17D5F33F78}.Debug|Any CPU.ActiveCfg = Debug|Any CPU
		{BCD38A27-1352-469C-AB01-CD17D5F33F78}.Debug|Any CPU.Build.0 = Debug|Any CPU
		{BCD38A27-1352-469C-AB01-CD17D5F33F78}.Release|Any CPU.ActiveCfg = Release|Any CPU
		{BCD38A27-1352-469C-AB01-CD17D5F33F78}.Release|Any CPU.Build.0 = Release|Any CPU
	EndGlobalSection
	GlobalSection(SolutionProperties) = preSolution
		HideSolutionNode = FALSE
	EndGlobalSection
	GlobalSection(NestedProjects) = preSolution
		{797B98A5-0F04-4DBA-B523-758231B1FBBE} = {1C743FBE-3C4D-46FC-B445-B3ACADAE512D}
		{3A946887-92B9-4F22-9A66-8CD041ACF403} = {9CAB040D-6CEE-4492-BD1D-670C1A4E1E03}
		{722D98A6-B362-4E07-B801-FBA470DE36C5} = {9CAB040D-6CEE-4492-BD1D-670C1A4E1E03}
		{4E5EC42B-0710-42FF-8E19-AC6AB7C773C7} = {FB39BF5B-5594-4529-A80B-43B46949E7FD}
		{FA1C94D3-2355-4591-9812-DBB4F7B43834} = {FB39BF5B-5594-4529-A80B-43B46949E7FD}
		{BCD38A27-1352-469C-AB01-CD17D5F33F78} = {9BDFBBEC-39E7-409D-A929-D3BFA2495B75}
	EndGlobalSection
EndGlobal
